
Microsoft Visual Studio Solution File, Format Version 12.00
# Visual Studio Version 16
VisualStudioVersion = 16.0.30517.126
MinimumVisualStudioVersion = 10.0.40219.1
Project("{FAE04EC0-301F-11D3-BF4B-00C04F79EFBC}") = "MoETest", "MoETest\MoETest.csproj", "{B3A36A12-F5FD-477D-AF8E-5DBAFD49984B}"
EndProject
Global
	GlobalSection(SolutionConfigurationPlatforms) = preSolution
		Debug|Any CPU = Debug|Any CPU
		Release|Any CPU = Release|Any CPU
	EndGlobalSection
	GlobalSection(ProjectConfigurationPlatforms) = postSolution
		{B3A36A12-F5FD-477D-AF8E-5DBAFD49984B}.Debug|Any CPU.ActiveCfg = Debug|Any CPU
		{B3A36A12-F5FD-477D-AF8E-5DBAFD49984B}.Debug|Any CPU.Build.0 = Debug|Any CPU
		{B3A36A12-F5FD-477D-AF8E-5DBAFD49984B}.Release|Any CPU.ActiveCfg = Release|Any CPU
		{B3A36A12-F5FD-477D-AF8E-5DBAFD49984B}.Release|Any CPU.Build.0 = Release|Any CPU
	EndGlobalSection
	GlobalSection(SolutionProperties) = preSolution
		HideSolutionNode = FALSE
	EndGlobalSection
	GlobalSection(ExtensibilityGlobals) = postSolution
		SolutionGuid = {7B4D25BC-F298-49A1-A159-834E537B05E6}
	EndGlobalSection
EndGlobal
